// !$*UTF8*$!
{
	archiveVersion = 1;
	classes = {
	};
	objectVersion = 56;
	objects = {

/* Begin PBXBuildFile section */
		FF0A9F2B293BE2FA00254C4C /* AudioVisualizationApp.swift in Sources */ = {isa = PBXBuildFile; fileRef = FF0A9F2A293BE2FA00254C4C /* AudioVisualizationApp.swift */; };
		FF0A9F2D293BE2FA00254C4C /* ContentView.swift in Sources */ = {isa = PBXBuildFile; fileRef = FF0A9F2C293BE2FA00254C4C /* ContentView.swift */; };
		FF0A9F2F293BE2FC00254C4C /* Assets.xcassets in Resources */ = {isa = PBXBuildFile; fileRef = FF0A9F2E293BE2FC00254C4C /* Assets.xcassets */; };
		FF0A9F32293BE2FC00254C4C /* Preview Assets.xcassets in Resources */ = {isa = PBXBuildFile; fileRef = FF0A9F31293BE2FC00254C4C /* Preview Assets.xcassets */; };
		FF0A9F39293BE43100254C4C /* Service.swift in Sources */ = {isa = PBXBuildFile; fileRef = FF0A9F38293BE43100254C4C /* Service.swift */; };
		FF0A9F3B293BE4E000254C4C /* AudioPreviewModel.swift in Sources */ = {isa = PBXBuildFile; fileRef = FF0A9F3A293BE4E000254C4C /* AudioPreviewModel.swift */; };
		FF0A9F3D293BE51800254C4C /* AudioPlayerViewModel.swift in Sources */ = {isa = PBXBuildFile; fileRef = FF0A9F3C293BE51800254C4C /* AudioPlayerViewModel.swift */; };
		FF0A9F3F293BE86800254C4C /* Extensions.swift in Sources */ = {isa = PBXBuildFile; fileRef = FF0A9F3E293BE86800254C4C /* Extensions.swift */; };
/* End PBXBuildFile section */

/* Begin PBXFileReference section */
		FF0A9F27293BE2FA00254C4C /* AudioVisualization.app */ = {isa = PBXFileReference; explicitFileType = wrapper.application; includeInIndex = 0; path = AudioVisualization.app; sourceTree = BUILT_PRODUCTS_DIR; };
		FF0A9F2A293BE2FA00254C4C /* AudioVisualizationApp.swift */ = {isa = PBXFileReference; lastKnownFileType = sourcecode.swift; path = AudioVisualizationApp.swift; sourceTree = "<group>"; };
		FF0A9F2C293BE2FA00254C4C /* ContentView.swift */ = {isa = PBXFileReference; lastKnownFileType = sourcecode.swift; path = ContentView.swift; sourceTree = "<group>"; };
		FF0A9F2E293BE2FC00254C4C /* Assets.xcassets */ = {isa = PBXFileReference; lastKnownFileType = folder.assetcatalog; path = Assets.xcassets; sourceTree = "<group>"; };
		FF0A9F31293BE2FC00254C4C /* Preview Assets.xcassets */ = {isa = PBXFileReference; lastKnownFileType = folder.assetcatalog; path = "Preview Assets.xcassets"; sourceTree = "<group>"; };
		FF0A9F38293BE43100254C4C /* Service.swift */ = {isa = PBXFileReference; lastKnownFileType = sourcecode.swift; path = Service.swift; sourceTree = "<group>"; };
		FF0A9F3A293BE4E000254C4C /* AudioPreviewModel.swift */ = {isa = PBXFileReference; lastKnownFileType = sourcecode.swift; path = AudioPreviewModel.swift; sourceTree = "<group>"; };
		FF0A9F3C293BE51800254C4C /* AudioPlayerViewModel.swift */ = {isa = PBXFileReference; lastKnownFileType = sourcecode.swift; path = AudioPlayerViewModel.swift; sourceTree = "<group>"; };
		FF0A9F3E293BE86800254C4C /* Extensions.swift */ = {isa = PBXFileReference; lastKnownFileType = sourcecode.swift; path = Extensions.swift; sourceTree = "<group>"; };
/* End PBXFileReference section */

/* Begin PBXFrameworksBuildPhase section */
		FF0A9F24293BE2FA00254C4C /* Frameworks */ = {
			isa = PBXFrameworksBuildPhase;
			buildActionMask = 2147483647;
			files = (
			);
			runOnlyForDeploymentPostprocessing = 0;
		};
/* End PBXFrameworksBuildPhase section */

/* Begin PBXGroup section */
		FF0A9F1E293BE2FA00254C4C = {
			isa = PBXGroup;
			children = (
				FF0A9F29293BE2FA00254C4C /* AudioVisualization */,
				FF0A9F28293BE2FA00254C4C /* Products */,
			);
			sourceTree = "<group>";
		};
		FF0A9F28293BE2FA00254C4C /* Products */ = {
			isa = PBXGroup;
			children = (
				FF0A9F27293BE2FA00254C4C /* AudioVisualization.app */,
			);
			name = Products;
			sourceTree = "<group>";
		};
		FF0A9F29293BE2FA00254C4C /* AudioVisualization */ = {
			isa = PBXGroup;
			children = (
				FF0A9F2A293BE2FA00254C4C /* AudioVisualizationApp.swift */,
				FF0A9F2C293BE2FA00254C4C /* ContentView.swift */,
				FF0A9F2E293BE2FC00254C4C /* Assets.xcassets */,
				FF0A9F30293BE2FC00254C4C /* Preview Content */,
				FF0A9F38293BE43100254C4C /* Service.swift */,
				FF0A9F3A293BE4E000254C4C /* AudioPreviewModel.swift */,
				FF0A9F3C293BE51800254C4C /* AudioPlayerViewModel.swift */,
				FF0A9F3E293BE86800254C4C /* Extensions.swift */,
			);
			path = AudioVisualization;
			sourceTree = "<group>";
		};
		FF0A9F30293BE2FC00254C4C /* Preview Content */ = {
			isa = PBXGroup;
			children = (
				FF0A9F31293BE2FC00254C4C /* Preview Assets.xcassets */,
			);
			path = "Preview Content";
			sourceTree = "<group>";
		};
/* End PBXGroup section */

/* Begin PBXNativeTarget section */
		FF0A9F26293BE2FA00254C4C /* AudioVisualization */ = {
			isa = PBXNativeTarget;
			buildConfigurationList = FF0A9F35293BE2FC00254C4C /* Build configuration list for PBXNativeTarget "AudioVisualization" */;
			buildPhases = (
				FF0A9F23293BE2FA00254C4C /* Sources */,
				FF0A9F24293BE2FA00254C4C /* Frameworks */,
				FF0A9F25293BE2FA00254C4C /* Resources */,
			);
			buildRules = (
			);
			dependencies = (
			);
			name = AudioVisualization;
			productName = AudioVisualization;
			productReference = FF0A9F27293BE2FA00254C4C /* AudioVisualization.app */;
			productType = "com.apple.product-type.application";
		};
/* End PBXNativeTarget section */

/* Begin PBXProject section */
		FF0A9F1F293BE2FA00254C4C /* Project object */ = {
			isa = PBXProject;
			attributes = {
				BuildIndependentTargetsInParallel = 1;
				LastSwiftUpdateCheck = 1410;
				LastUpgradeCheck = 1410;
				TargetAttributes = {
					FF0A9F26293BE2FA00254C4C = {
						CreatedOnToolsVersion = 14.1;
					};
				};
			};
			buildConfigurationList = FF0A9F22293BE2FA00254C4C /* Build configuration list for PBXProject "AudioVisualization" */;
			compatibilityVersion = "Xcode 14.0";
			developmentRegion = en;
			hasScannedForEncodings = 0;
			knownRegions = (
				en,
				Base,
			);
			mainGroup = FF0A9F1E293BE2FA00254C4C;
			productRefGroup = FF0A9F28293BE2FA00254C4C /* Products */;
			projectDirPath = "";
			projectRoot = "";
			targets = (
				FF0A9F26293BE2FA00254C4C /* AudioVisualization */,
			);
		};
/* End PBXProject section */

/* Begin PBXResourcesBuildPhase section */
		FF0A9F25293BE2FA00254C4C /* Resources */ = {
			isa = PBXResourcesBuildPhase;
			buildActionMask = 2147483647;
			files = (
				FF0A9F32293BE2FC00254C4C /* Preview Assets.xcassets in Resources */,
				FF0A9F2F293BE2FC00254C4C /* Assets.xcassets in Resources */,
			);
			runOnlyForDeploymentPostprocessing = 0;
		};
/* End PBXResourcesBuildPhase section */

/* Begin PBXSourcesBuildPhase section */
		FF0A9F23293BE2FA00254C4C /* Sources */ = {
			isa = PBXSourcesBuildPhase;
			buildActionMask = 2147483647;
			files = (
				FF0A9F2D293BE2FA00254C4C /* ContentView.swift in Sources */,
				FF0A9F3F293BE86800254C4C /* Extensions.swift in Sources */,
				FF0A9F3D293BE51800254C4C /* AudioPlayerViewModel.swift in Sources */,
				FF0A9F2B293BE2FA00254C4C /* AudioVisualizationApp.swift in Sources */,
				FF0A9F39293BE43100254C4C /* Service.swift in Sources */,
				FF0A9F3B293BE4E000254C4C /* AudioPreviewModel.swift in Sources */,
			);
			runOnlyForDeploymentPostprocessing = 0;
		};
/* End PBXSourcesBuildPhase section */

/* Begin XCBuildConfiguration section */
		FF0A9F33293BE2FC00254C4C /* Debug */ = {
			isa = XCBuildConfiguration;
			buildSettings = {
				ALWAYS_SEARCH_USER_PATHS = NO;
				CLANG_ANALYZER_NONNULL = YES;
				CLANG_ANALYZER_NUMBER_OBJECT_CONVERSION = YES_AGGRESSIVE;
				CLANG_CXX_LANGUAGE_STANDARD = "gnu++20";
				CLANG_ENABLE_MODULES = YES;
				CLANG_ENABLE_OBJC_ARC = YES;
				CLANG_ENABLE_OBJC_WEAK = YES;
				CLANG_WARN_BLOCK_CAPTURE_AUTORELEASING = YES;
				CLANG_WARN_BOOL_CONVERSION = YES;
				CLANG_WARN_COMMA = YES;
				CLANG_WARN_CONSTANT_CONVERSION = YES;
				CLANG_WARN_DEPRECATED_OBJC_IMPLEMENTATIONS = YES;
				CLANG_WARN_DIRECT_OBJC_ISA_USAGE = YES_ERROR;
				CLANG_WARN_DOCUMENTATION_COMMENTS = YES;
				CLANG_WARN_EMPTY_BODY = YES;
				CLANG_WARN_ENUM_CONVERSION = YES;
				CLANG_WARN_INFINITE_RECURSION = YES;
				CLANG_WARN_INT_CONVERSION = YES;
				CLANG_WARN_NON_LITERAL_NULL_CONVERSION = YES;
				CLANG_WARN_OBJC_IMPLICIT_RETAIN_SELF = YES;
				CLANG_WARN_OBJC_LITERAL_CONVERSION = YES;
				CLANG_WARN_OBJC_ROOT_CLASS = YES_ERROR;
				CLANG_WARN_QUOTED_INCLUDE_IN_FRAMEWORK_HEADER = YES;
				CLANG_WARN_RANGE_LOOP_ANALYSIS = YES;
				CLANG_WARN_STRICT_PROTOTYPES = YES;
				CLANG_WARN_SUSPICIOUS_MOVE = YES;
				CLANG_WARN_UNGUARDED_AVAILABILITY = YES_AGGRESSIVE;
				CLANG_WARN_UNREACHABLE_CODE = YES;
				CLANG_WARN__DUPLICATE_METHOD_MATCH = YES;
				COPY_PHASE_STRIP = NO;
				DEBUG_INFORMATION_FORMAT = dwarf;
				ENABLE_STRICT_OBJC_MSGSEND = YES;
				ENABLE_TESTABILITY = YES;
				GCC_C_LANGUAGE_STANDARD = gnu11;
				GCC_DYNAMIC_NO_PIC = NO;
				GCC_NO_COMMON_BLOCKS = YES;
				GCC_OPTIMIZATION_LEVEL = 0;
				GCC_PREPROCESSOR_DEFINITIONS = (
					"DEBUG=1",
					"$(inherited)",
				);
				GCC_WARN_64_TO_32_BIT_CONVERSION = YES;
				GCC_WARN_ABOUT_RETURN_TYPE = YES_ERROR;
				GCC_WARN_UNDECLARED_SELECTOR = YES;
				GCC_WARN_UNINITIALIZED_AUTOS = YES_AGGRESSIVE;
				GCC_WARN_UNUSED_FUNCTION = YES;
				GCC_WARN_UNUSED_VARIABLE = YES;
				IPHONEOS_DEPLOYMENT_TARGET = 16.1;
				MTL_ENABLE_DEBUG_INFO = INCLUDE_SOURCE;
				MTL_FAST_MATH = YES;
				ONLY_ACTIVE_ARCH = YES;
				SDKROOT = iphoneos;
				SWIFT_ACTIVE_COMPILATION_CONDITIONS = DEBUG;
				SWIFT_OPTIMIZATION_LEVEL = "-Onone";
			};
			name = Debug;
		};
		FF0A9F34293BE2FC00254C4C /* Release */ = {
			isa = XCBuildConfiguration;
			buildSettings = {
				ALWAYS_SEARCH_USER_PATHS = NO;
				CLANG_ANALYZER_NONNULL = YES;
				CLANG_ANALYZER_NUMBER_OBJECT_CONVERSION = YES_AGGRESSIVE;
				CLANG_CXX_LANGUAGE_STANDARD = "gnu++20";
				CLANG_ENABLE_MODULES = YES;
				CLANG_ENABLE_OBJC_ARC = YES;
				CLANG_ENABLE_OBJC_WEAK = YES;
				CLANG_WARN_BLOCK_CAPTURE_AUTORELEASING = YES;
				CLANG_WARN_BOOL_CONVERSION = YES;
				CLANG_WARN_COMMA = YES;
				CLANG_WARN_CONSTANT_CONVERSION = YES;
				CLANG_WARN_DEPRECATED_OBJC_IMPLEMENTATIONS = YES;
				CLANG_WARN_DIRECT_OBJC_ISA_USAGE = YES_ERROR;
				CLANG_WARN_DOCUMENTATION_COMMENTS = YES;
				CLANG_WARN_EMPTY_BODY = YES;
				CLANG_WARN_ENUM_CONVERSION = YES;
				CLANG_WARN_INFINITE_RECURSION = YES;
				CLANG_WARN_INT_CONVERSION = YES;
				CLANG_WARN_NON_LITERAL_NULL_CONVERSION = YES;
				CLANG_WARN_OBJC_IMPLICIT_RETAIN_SELF = YES;
				CLANG_WARN_OBJC_LITERAL_CONVERSION = YES;
				CLANG_WARN_OBJC_ROOT_CLASS = YES_ERROR;
				CLANG_WARN_QUOTED_INCLUDE_IN_FRAMEWORK_HEADER = YES;
				CLANG_WARN_RANGE_LOOP_ANALYSIS = YES;
				CLANG_WARN_STRICT_PROTOTYPES = YES;
				CLANG_WARN_SUSPICIOUS_MOVE = YES;
				CLANG_WARN_UNGUARDED_AVAILABILITY = YES_AGGRESSIVE;
				CLANG_WARN_UNREACHABLE_CODE = YES;
				CLANG_WARN__DUPLICATE_METHOD_MATCH = YES;
				COPY_PHASE_STRIP = NO;
				DEBUG_INFORMATION_FORMAT = "dwarf-with-dsym";
				ENABLE_NS_ASSERTIONS = NO;
				ENABLE_STRICT_OBJC_MSGSEND = YES;
				GCC_C_LANGUAGE_STANDARD = gnu11;
				GCC_NO_COMMON_BLOCKS = YES;
				GCC_WARN_64_TO_32_BIT_CONVERSION = YES;
				GCC_WARN_ABOUT_RETURN_TYPE = YES_ERROR;
				GCC_WARN_UNDECLARED_SELECTOR = YES;
				GCC_WARN_UNINITIALIZED_AUTOS = YES_AGGRESSIVE;
				GCC_WARN_UNUSED_FUNCTION = YES;
				GCC_WARN_UNUSED_VARIABLE = YES;
				IPHONEOS_DEPLOYMENT_TARGET = 16.1;
				MTL_ENABLE_DEBUG_INFO = NO;
				MTL_FAST_MATH = YES;
				SDKROOT = iphoneos;
				SWIFT_COMPILATION_MODE = wholemodule;
				SWIFT_OPTIMIZATION_LEVEL = "-O";
				VALIDATE_PRODUCT = YES;
			};
			name = Release;
		};
		FF0A9F36293BE2FC00254C4C /* Debug */ = {
			isa = XCBuildConfiguration;
			buildSettings = {
				ASSETCATALOG_COMPILER_APPICON_NAME = AppIcon;
				ASSETCATALOG_COMPILER_GLOBAL_ACCENT_COLOR_NAME = AccentColor;
				CODE_SIGN_STYLE = Automatic;
				CURRENT_PROJECT_VERSION = 1;
				DEVELOPMENT_ASSET_PATHS = "\"AudioVisualization/Preview Content\"";
				DEVELOPMENT_TEAM = SH2JVKZG3B;
				ENABLE_PREVIEWS = YES;
				GENERATE_INFOPLIST_FILE = YES;
				INFOPLIST_KEY_UIApplicationSceneManifest_Generation = YES;
				INFOPLIST_KEY_UIApplicationSupportsIndirectInputEvents = YES;
				INFOPLIST_KEY_UILaunchScreen_Generation = YES;
				INFOPLIST_KEY_UISupportedInterfaceOrientations_iPad = "UIInterfaceOrientationPortrait UIInterfaceOrientationPortraitUpsideDown UIInterfaceOrientationLandscapeLeft UIInterfaceOrientationLandscapeRight";
				INFOPLIST_KEY_UISupportedInterfaceOrientations_iPhone = "UIInterfaceOrientationPortrait UIInterfaceOrientationLandscapeLeft UIInterfaceOrientationLandscapeRight";
				LD_RUNPATH_SEARCH_PATHS = (
					"$(inherited)",
					"@executable_path/Frameworks",
				);
				MARKETING_VERSION = 1.0;
				PRODUCT_BUNDLE_IDENTIFIER = "com.xpn-development.AudioVisualization";
				PRODUCT_NAME = "$(TARGET_NAME)";
				SWIFT_EMIT_LOC_STRINGS = YES;
				SWIFT_VERSION = 5.0;
				TARGETED_DEVICE_FAMILY = "1,2";
			};
			name = Debug;
		};
		FF0A9F37293BE2FC00254C4C /* Release */ = {
			isa = XCBuildConfiguration;
			buildSettings = {
				ASSETCATALOG_COMPILER_APPICON_NAME = AppIcon;
				ASSETCATALOG_COMPILER_GLOBAL_ACCENT_COLOR_NAME = AccentColor;
				CODE_SIGN_STYLE = Automatic;
				CURRENT_PROJECT_VERSION = 1;
				DEVELOPMENT_ASSET_PATHS = "\"AudioVisualization/Preview Content\"";
				DEVELOPMENT_TEAM = SH2JVKZG3B;
				ENABLE_PREVIEWS = YES;
				GENERATE_INFOPLIST_FILE = YES;
				INFOPLIST_KEY_UIApplicationSceneManifest_Generation = YES;
				INFOPLIST_KEY_UIApplicationSupportsIndirectInputEvents = YES;
				INFOPLIST_KEY_UILaunchScreen_Generation = YES;
				INFOPLIST_KEY_UISupportedInterfaceOrientations_iPad = "UIInterfaceOrientationPortrait UIInterfaceOrientationPortraitUpsideDown UIInterfaceOrientationLandscapeLeft UIInterfaceOrientationLandscapeRight";
				INFOPLIST_KEY_UISupportedInterfaceOrientations_iPhone = "UIInterfaceOrientationPortrait UIInterfaceOrientationLandscapeLeft UIInterfaceOrientationLandscapeRight";
				LD_RUNPATH_SEARCH_PATHS = (
					"$(inherited)",
					"@executable_path/Frameworks",
				);
				MARKETING_VERSION = 1.0;
				PRODUCT_BUNDLE_IDENTIFIER = "com.xpn-development.AudioVisualization";
				PRODUCT_NAME = "$(TARGET_NAME)";
				SWIFT_EMIT_LOC_STRINGS = YES;
				SWIFT_VERSION = 5.0;
				TARGETED_DEVICE_FAMILY = "1,2";
			};
			name = Release;
		};
/* End XCBuildConfiguration section */

/* Begin XCConfigurationList section */
		FF0A9F22293BE2FA00254C4C /* Build configuration list for PBXProject "AudioVisualization" */ = {
			isa = XCConfigurationList;
			buildConfigurations = (
				FF0A9F33293BE2FC00254C4C /* Debug */,
				FF0A9F34293BE2FC00254C4C /* Release */,
			);
			defaultConfigurationIsVisible = 0;
			defaultConfigurationName = Release;
		};
		FF0A9F35293BE2FC00254C4C /* Build configuration list for PBXNativeTarget "AudioVisualization" */ = {
			isa = XCConfigurationList;
			buildConfigurations = (
				FF0A9F36293BE2FC00254C4C /* Debug */,
				FF0A9F37293BE2FC00254C4C /* Release */,
			);
			defaultConfigurationIsVisible = 0;
			defaultConfigurationName = Release;
		};
/* End XCConfigurationList section */
	};
	rootObject = FF0A9F1F293BE2FA00254C4C /* Project object */;
}
